hash: a4159fbae728fbe9d8bf3e2aa9c09353785936efd0d6a0bae82117103b89b1a5
updated: 2017-06-13T15:31:40.301640876-04:00
imports:
- name: github.com/amfranz/go-xen-api-client
  version: a333045a983449cd0d003c9b270257f844f7159d
- name: github.com/amfranz/go-xmlrpc-client
  version: 06faa2bd7dd6875b2c4986a33908efa640c6aa7f
- name: github.com/apparentlymart/go-cidr
  version: a3ebdb999b831ecb6ab8a226e31b07b2b9061c47
  subpackages:
  - cidr
- name: github.com/aws/aws-sdk-go
  version: be2ec39e520e3c4088c0c6288055bdc8184a89ee
  subpackages:
  - aws
  - aws/awserr
  - aws/awsutil
  - aws/client
  - aws/client/metadata
  - aws/corehandlers
  - aws/credentials
  - aws/credentials/ec2rolecreds
  - aws/defaults
  - aws/ec2metadata
  - aws/request
  - aws/session
  - private/endpoints
  - private/protocol/ec2query
  - private/protocol/json/jsonutil
  - private/protocol/jsonrpc
  - private/protocol/query
  - private/protocol/query/queryutil
  - private/protocol/rest
  - private/protocol/restjson
  - private/protocol/restxml
  - private/protocol/xml/xmlutil
  - private/signer/v4
  - private/waiter
  - service/autoscaling
  - service/cloudformation
  - service/cloudtrail
  - service/cloudwatch
  - service/cloudwatchevents
  - service/cloudwatchlogs
  - service/codecommit
  - service/codedeploy
  - service/directoryservice
  - service/dynamodb
  - service/ec2
  - service/ecr
  - service/ecs
  - service/efs
  - service/elasticache
  - service/elasticsearchservice
  - service/elb
  - service/firehose
  - service/glacier
  - service/iam
  - service/kinesis
  - service/lambda
  - service/opsworks
  - service/rds
  - service/redshift
  - service/route53
  - service/s3
  - service/sns
  - service/sqs
- name: github.com/go-ini/ini
  version: afbd495e5aaea13597b5e14fe514ddeaa4d76fc3
- name: github.com/hashicorp/errwrap
  version: 7554cd9344cec97297fa6649b055a8c98c2a1e55
- name: github.com/hashicorp/go-getter
  version: 848242c76c346ef0aeb34787753b068f5f6f92fe
  subpackages:
  - helper/url
- name: github.com/hashicorp/go-multierror
  version: d30f09973e19c1dfcd120b2d9c4f168e68d6b5d5
- name: github.com/hashicorp/hcl
  version: 578dd9746824a54637686b51a41bad457a56bcef
  subpackages:
  - hcl/ast
  - hcl/parser
  - hcl/scanner
  - hcl/strconv
  - hcl/token
  - json/parser
  - json/scanner
  - json/token
- name: github.com/hashicorp/hil
  version: 42518c6f01625b5e6948a6a0e6a0792df126c548
  subpackages:
  - ast
- name: github.com/hashicorp/terraform
  version: 8d560482c34e865458fd884cb0790b4f73f09ad1
  subpackages:
  - config
  - config/module
  - dag
  - dot
  - flatmap
  - helper/hashcode
  - helper/schema
  - plugin
  - rpc
  - terraform
- name: github.com/hashicorp/yamux
  version: df949784da9ed028ee76df44652e42d37a09d7e4
- name: github.com/jmespath/go-jmespath
  version: c01cf91b011868172fdcd9f41838e80c9d716264
- name: github.com/mitchellh/copystructure
  version: 80adcec1955ee4e97af357c30dee61aadcc02c10
- name: github.com/mitchellh/go-homedir
  version: d682a8f0cf139663a984ff12528da460ca963de9
- name: github.com/mitchellh/mapstructure
  version: 281073eb9eb092240d33ef253c404f1cca550309
- name: github.com/mitchellh/reflectwalk
  version: eecf4c70c626c7cfbb95c90195bc34d386c74ac6
testImports: []
