hash: 758b36ca42b8deca8f024144a616eedcf377bb1e502f9973e4fe67d64fc8327d
updated: 2016-02-15T22:24:58.487789647+01:00
imports:
- name: github.com/amfranz/go-xen-api-client
  version: a333045a983449cd0d003c9b270257f844f7159d
- name: github.com/amfranz/go-xmlrpc-client
  version: 06faa2bd7dd6875b2c4986a33908efa640c6aa7f
- name: github.com/apparentlymart/go-cidr
  version: a3ebdb999b831ecb6ab8a226e31b07b2b9061c47
  subpackages:
  - cidr
- name: github.com/armon/go-radix
  version: 4239b77079c7b5d1243b7b4736304ce8ddb6f0f2
- name: github.com/aws/aws-sdk-go
  version: be2ec39e520e3c4088c0c6288055bdc8184a89ee
  subpackages:
  - aws
  - private/endpoints
  - private/protocol/ec2query
  - private/protocol/json/jsonutil
  - private/protocol/jsonrpc
  - private/protocol/query
  - private/protocol/rest
  - private/protocol/restjson
  - private/protocol/restxml
  - private/protocol/xml/xmlutil
  - private/signer/v4
  - private/waiter
  - service/autoscaling
  - service/cloudformation
  - service/cloudtrail
  - service/cloudwatch
  - service/cloudwatchevents
  - service/cloudwatchlogs
  - service/codecommit
  - service/codedeploy
  - service/directoryservice
  - service/dynamodb
  - service/ec2
  - service/ecr
  - service/ecs
  - service/efs
  - service/elasticache
  - service/elasticsearchservice
  - service/elb
  - service/firehose
  - service/glacier
  - service/iam
  - service/kinesis
  - service/lambda
  - service/opsworks
  - service/rds
  - service/redshift
  - service/route53
  - service/s3
  - service/sns
  - service/sqs
  - aws/credentials
  - aws/credentials/ec2rolecreds
  - aws/session
  - aws/awserr
  - aws/ec2metadata
  - aws/client
  - aws/corehandlers
  - aws/defaults
  - aws/request
  - aws/awsutil
  - aws/client/metadata
  - private/protocol/query/queryutil
- name: github.com/bgentry/speakeasy
  version: 36e9cfdd690967f4f690c6edcc9ffacd006014a0
- name: github.com/coreos/etcd
  version: e5527914aa42cae3063f52892e1ca4518da0e4ae
  subpackages:
  - Godeps/_workspace/src/github.com/ugorji/go/codec
  - Godeps/_workspace/src/golang.org/x/net/context
  - client
  - pkg/pathutil
  - pkg/types
- name: github.com/go-ini/ini
  version: afbd495e5aaea13597b5e14fe514ddeaa4d76fc3
- name: github.com/hashicorp/atlas-go
  version: 0008886ebfa3b424bed03e2a5cbe4a2568ea0ff6
  subpackages:
  - archive
  - v1
- name: github.com/hashicorp/consul
  version: 3215b8727f44c778dd7045dcfd5ac42735c581a9
  subpackages:
  - api
- name: github.com/hashicorp/errwrap
  version: 7554cd9344cec97297fa6649b055a8c98c2a1e55
- name: github.com/hashicorp/go-checkpoint
  version: e4b2dc34c0f698ee04750bf2035d8b9384233e1b
- name: github.com/hashicorp/go-cleanhttp
  version: ce617e79981a8fff618bb643d155133a8f38db96
- name: github.com/hashicorp/go-getter
  version: 848242c76c346ef0aeb34787753b068f5f6f92fe
  subpackages:
  - helper/url
- name: github.com/hashicorp/go-multierror
  version: d30f09973e19c1dfcd120b2d9c4f168e68d6b5d5
- name: github.com/hashicorp/go-retryablehttp
  version: 24fda80b7c713c52649e57ce20100d453f7bdb24
- name: github.com/hashicorp/go-version
  version: 7e3c02b30806fa5779d3bdfc152ce4c6f40e7b38
- name: github.com/hashicorp/hcl
  version: 578dd9746824a54637686b51a41bad457a56bcef
  subpackages:
  - hcl/ast
  - hcl/parser
  - hcl/token
  - json/parser
  - hcl/scanner
  - hcl/strconv
  - json/scanner
  - json/token
- name: github.com/hashicorp/hil
  version: 42518c6f01625b5e6948a6a0e6a0792df126c548
  subpackages:
  - ast
- name: github.com/hashicorp/logutils
  version: 0dc08b1671f34c4250ce212759ebd880f743d883
- name: github.com/hashicorp/serf
  version: e4ec8cc423bbe20d26584b96efbeb9102e16d05f
  subpackages:
  - coordinate
- name: github.com/hashicorp/terraform
  version: fe90cea9a1bc82d3a66c1cfdab45b0b32cf9d13c
  subpackages:
  - helper/schema
  - plugin
  - terraform
  - command
  - helper/logging
  - helper/hashcode
  - rpc
  - config
  - config/module
  - dag
  - dot
  - state
  - state/remote
  - flatmap
- name: github.com/hashicorp/yamux
  version: df949784da9ed028ee76df44652e42d37a09d7e4
- name: github.com/jmespath/go-jmespath
  version: c01cf91b011868172fdcd9f41838e80c9d716264
- name: github.com/kardianos/osext
  version: 29ae4ffbc9a6fe9fb2bc5029050ce6996ea1d3bc
- name: github.com/lusis/go-artifactory
  version: 7e4ce345df825841661d1b3ffbb1327083d4a22f
  subpackages:
  - src/artifactory.v401
- name: github.com/mattn/go-isatty
  version: 56b76bdf51f7708750eac80fa38b952bb9f32639
- name: github.com/mitchellh/cli
  version: cb6853d606ea4a12a15ac83cc43503df99fd28fb
- name: github.com/mitchellh/colorstring
  version: 8631ce90f28644f54aeedcb3e389a85174e067d1
- name: github.com/mitchellh/copystructure
  version: 80adcec1955ee4e97af357c30dee61aadcc02c10
- name: github.com/mitchellh/go-homedir
  version: d682a8f0cf139663a984ff12528da460ca963de9
- name: github.com/mitchellh/mapstructure
  version: 281073eb9eb092240d33ef253c404f1cca550309
- name: github.com/mitchellh/panicwrap
  version: a1e50bc201f387747a45ffff020f1af2d8759e88
- name: github.com/mitchellh/prefixedio
  version: 6e6954073784f7ee67b28f2d22749d6479151ed7
- name: github.com/mitchellh/reflectwalk
  version: eecf4c70c626c7cfbb95c90195bc34d386c74ac6
- name: github.com/rackspace/gophercloud
  version: 680aa02616313d8399abc91f17a444cf9292f0e1
  subpackages:
  - openstack
  - openstack/objectstorage/v1/containers
  - openstack/objectstorage/v1/objects
  - openstack/identity/v2/tokens
  - openstack/identity/v3/tokens
  - openstack/utils
  - pagination
  - openstack/objectstorage/v1/accounts
  - openstack/identity/v2/tenants
- name: golang.org/x/net
  version: 04b9de9b512f58addf28c9853d50ebef61c3953e
  subpackages:
  - context
devImports: []
